
Microsoft Visual Studio Solution File, Format Version 12.00
# Visual Studio 15
VisualStudioVersion = 15.0.34320.172
MinimumVisualStudioVersion = 10.0.40219.1
Project("{FAE04EC0-301F-11D3-BF4B-00C04F79EFBC}") = "Capa_Presentacion", "App-Portomadero\Capa_Presentacion.csproj", "{6571C33A-8876-4228-8C1E-34E7FAFC1A3B}"
EndProject
Project("{FAE04EC0-301F-11D3-BF4B-00C04F79EFBC}") = "Capa_Logica", "Capa_Logica\Capa_Logica.csproj", "{220CB2A7-84CB-4A8B-BFF9-55268466957B}"
EndProject
Project("{FAE04EC0-301F-11D3-BF4B-00C04F79EFBC}") = "Capa_Datos", "Capa_Datos\Capa_Datos.csproj", "{01D627D7-4BEA-4F58-90AF-E3BD35C28E9D}"
EndProject
Global
	GlobalSection(SolutionConfigurationPlatforms) = preSolution
		Debug|Any CPU = Debug|Any CPU
		Release|Any CPU = Release|Any CPU
	EndGlobalSection
	GlobalSection(ProjectConfigurationPlatforms) = postSolution
		{6571C33A-8876-4228-8C1E-34E7FAFC1A3B}.Debug|Any CPU.ActiveCfg = Debug|Any CPU
		{6571C33A-8876-4228-8C1E-34E7FAFC1A3B}.Debug|Any CPU.Build.0 = Debug|Any CPU
		{6571C33A-8876-4228-8C1E-34E7FAFC1A3B}.Release|Any CPU.ActiveCfg = Release|Any CPU
		{6571C33A-8876-4228-8C1E-34E7FAFC1A3B}.Release|Any CPU.Build.0 = Release|Any CPU
		{220CB2A7-84CB-4A8B-BFF9-55268466957B}.Debug|Any CPU.ActiveCfg = Debug|Any CPU
		{220CB2A7-84CB-4A8B-BFF9-55268466957B}.Debug|Any CPU.Build.0 = Debug|Any CPU
		{220CB2A7-84CB-4A8B-BFF9-55268466957B}.Release|Any CPU.ActiveCfg = Release|Any CPU
		{220CB2A7-84CB-4A8B-BFF9-55268466957B}.Release|Any CPU.Build.0 = Release|Any CPU
		{01D627D7-4BEA-4F58-90AF-E3BD35C28E9D}.Debug|Any CPU.ActiveCfg = Debug|Any CPU
		{01D627D7-4BEA-4F58-90AF-E3BD35C28E9D}.Debug|Any CPU.Build.0 = Debug|Any CPU
		{01D627D7-4BEA-4F58-90AF-E3BD35C28E9D}.Release|Any CPU.ActiveCfg = Release|Any CPU
		{01D627D7-4BEA-4F58-90AF-E3BD35C28E9D}.Release|Any CPU.Build.0 = Release|Any CPU
	EndGlobalSection
	GlobalSection(SolutionProperties) = preSolution
		HideSolutionNode = FALSE
	EndGlobalSection
	GlobalSection(ExtensibilityGlobals) = postSolution
		SolutionGuid = {FB0B46B5-17DB-4E00-9FE0-B8A16B61B6FB}
	EndGlobalSection
EndGlobal
